// !$*UTF8*$!
{
	archiveVersion = 1;
	classes = {
	};
	objectVersion = 50;
	objects = {

/* Begin PBXBuildFile section */
		284BBF7B27DE90E10087A0E7 /* AppDelegate.swift in Sources */ = {isa = PBXBuildFile; fileRef = 284BBF7A27DE90E10087A0E7 /* AppDelegate.swift */; };
		284BBF7D27DE90E10087A0E7 /* SceneDelegate.swift in Sources */ = {isa = PBXBuildFile; fileRef = 284BBF7C27DE90E10087A0E7 /* SceneDelegate.swift */; };
		284BBF7F27DE90E10087A0E7 /* ViewController.swift in Sources */ = {isa = PBXBuildFile; fileRef = 284BBF7E27DE90E10087A0E7 /* ViewController.swift */; };
		284BBF8227DE90E20087A0E7 /* Main.storyboard in Resources */ = {isa = PBXBuildFile; fileRef = 284BBF8027DE90E20087A0E7 /* Main.storyboard */; };
		284BBF8527DE90E20087A0E7 /* AnonymousChatApp.xcdatamodeld in Sources */ = {isa = PBXBuildFile; fileRef = 284BBF8327DE90E20087A0E7 /* AnonymousChatApp.xcdatamodeld */; };
		284BBF8727DE90E30087A0E7 /* Assets.xcassets in Resources */ = {isa = PBXBuildFile; fileRef = 284BBF8627DE90E30087A0E7 /* Assets.xcassets */; };
		284BBF8A27DE90E30087A0E7 /* LaunchScreen.storyboard in Resources */ = {isa = PBXBuildFile; fileRef = 284BBF8827DE90E30087A0E7 /* LaunchScreen.storyboard */; };
/* End PBXBuildFile section */

/* Begin PBXFileReference section */
		284BBF7727DE90E10087A0E7 /* AnonymousChatApp.app */ = {isa = PBXFileReference; explicitFileType = wrapper.application; includeInIndex = 0; path = AnonymousChatApp.app; sourceTree = BUILT_PRODUCTS_DIR; };
		284BBF7A27DE90E10087A0E7 /* AppDelegate.swift */ = {isa = PBXFileReference; lastKnownFileType = sourcecode.swift; path = AppDelegate.swift; sourceTree = "<group>"; };
		284BBF7C27DE90E10087A0E7 /* SceneDelegate.swift */ = {isa = PBXFileReference; lastKnownFileType = sourcecode.swift; path = SceneDelegate.swift; sourceTree = "<group>"; };
		284BBF7E27DE90E10087A0E7 /* ViewController.swift */ = {isa = PBXFileReference; lastKnownFileType = sourcecode.swift; path = ViewController.swift; sourceTree = "<group>"; };
		284BBF8127DE90E20087A0E7 /* Base */ = {isa = PBXFileReference; lastKnownFileType = file.storyboard; name = Base; path = Base.lproj/Main.storyboard; sourceTree = "<group>"; };
		284BBF8427DE90E20087A0E7 /* AnonymousChatApp.xcdatamodel */ = {isa = PBXFileReference; lastKnownFileType = wrapper.xcdatamodel; path = AnonymousChatApp.xcdatamodel; sourceTree = "<group>"; };
		284BBF8627DE90E30087A0E7 /* Assets.xcassets */ = {isa = PBXFileReference; lastKnownFileType = folder.assetcatalog; path = Assets.xcassets; sourceTree = "<group>"; };
		284BBF8927DE90E30087A0E7 /* Base */ = {isa = PBXFileReference; lastKnownFileType = file.storyboard; name = Base; path = Base.lproj/LaunchScreen.storyboard; sourceTree = "<group>"; };
		284BBF8B27DE90E30087A0E7 /* Info.plist */ = {isa = PBXFileReference; lastKnownFileType = text.plist.xml; path = Info.plist; sourceTree = "<group>"; };
/* End PBXFileReference section */

/* Begin PBXFrameworksBuildPhase section */
		284BBF7427DE90E10087A0E7 /* Frameworks */ = {
			isa = PBXFrameworksBuildPhase;
			buildActionMask = 2147483647;
			files = (
			);
			runOnlyForDeploymentPostprocessing = 0;
		};
/* End PBXFrameworksBuildPhase section */

/* Begin PBXGroup section */
		284BBF6E27DE90E10087A0E7 = {
			isa = PBXGroup;
			children = (
				284BBF7927DE90E10087A0E7 /* AnonymousChatApp */,
				284BBF7827DE90E10087A0E7 /* Products */,
			);
			sourceTree = "<group>";
		};
		284BBF7827DE90E10087A0E7 /* Products */ = {
			isa = PBXGroup;
			children = (
				284BBF7727DE90E10087A0E7 /* AnonymousChatApp.app */,
			);
			name = Products;
			sourceTree = "<group>";
		};
		284BBF7927DE90E10087A0E7 /* AnonymousChatApp */ = {
			isa = PBXGroup;
			children = (
				284BBF7A27DE90E10087A0E7 /* AppDelegate.swift */,
				284BBF7C27DE90E10087A0E7 /* SceneDelegate.swift */,
				284BBF7E27DE90E10087A0E7 /* ViewController.swift */,
				284BBF8027DE90E20087A0E7 /* Main.storyboard */,
				284BBF8627DE90E30087A0E7 /* Assets.xcassets */,
				284BBF8827DE90E30087A0E7 /* LaunchScreen.storyboard */,
				284BBF8B27DE90E30087A0E7 /* Info.plist */,
				284BBF8327DE90E20087A0E7 /* AnonymousChatApp.xcdatamodeld */,
			);
			path = AnonymousChatApp;
			sourceTree = "<group>";
		};
/* End PBXGroup section */

/* Begin PBXNativeTarget section */
		284BBF7627DE90E10087A0E7 /* AnonymousChatApp */ = {
			isa = PBXNativeTarget;
			buildConfigurationList = 284BBF8E27DE90E30087A0E7 /* Build configuration list for PBXNativeTarget "AnonymousChatApp" */;
			buildPhases = (
				284BBF7327DE90E10087A0E7 /* Sources */,
				284BBF7427DE90E10087A0E7 /* Frameworks */,
				284BBF7527DE90E10087A0E7 /* Resources */,
			);
			buildRules = (
			);
			dependencies = (
			);
			name = AnonymousChatApp;
			productName = AnonymousChatApp;
			productReference = 284BBF7727DE90E10087A0E7 /* AnonymousChatApp.app */;
			productType = "com.apple.product-type.application";
		};
/* End PBXNativeTarget section */

/* Begin PBXProject section */
		284BBF6F27DE90E10087A0E7 /* Project object */ = {
			isa = PBXProject;
			attributes = {
				LastSwiftUpdateCheck = 1240;
				LastUpgradeCheck = 1240;
				TargetAttributes = {
					284BBF7627DE90E10087A0E7 = {
						CreatedOnToolsVersion = 12.4;
					};
				};
			};
			buildConfigurationList = 284BBF7227DE90E10087A0E7 /* Build configuration list for PBXProject "AnonymousChatApp" */;
			compatibilityVersion = "Xcode 9.3";
			developmentRegion = en;
			hasScannedForEncodings = 0;
			knownRegions = (
				en,
				Base,
			);
			mainGroup = 284BBF6E27DE90E10087A0E7;
			productRefGroup = 284BBF7827DE90E10087A0E7 /* Products */;
			projectDirPath = "";
			projectRoot = "";
			targets = (
				284BBF7627DE90E10087A0E7 /* AnonymousChatApp */,
			);
		};
/* End PBXProject section */

/* Begin PBXResourcesBuildPhase section */
		284BBF7527DE90E10087A0E7 /* Resources */ = {
			isa = PBXResourcesBuildPhase;
			buildActionMask = 2147483647;
			files = (
				284BBF8A27DE90E30087A0E7 /* LaunchScreen.storyboard in Resources */,
				284BBF8727DE90E30087A0E7 /* Assets.xcassets in Resources */,
				284BBF8227DE90E20087A0E7 /* Main.storyboard in Resources */,
			);
			runOnlyForDeploymentPostprocessing = 0;
		};
/* End PBXResourcesBuildPhase section */

/* Begin PBXSourcesBuildPhase section */
		284BBF7327DE90E10087A0E7 /* Sources */ = {
			isa = PBXSourcesBuildPhase;
			buildActionMask = 2147483647;
			files = (
				284BBF7F27DE90E10087A0E7 /* ViewController.swift in Sources */,
				284BBF7B27DE90E10087A0E7 /* AppDelegate.swift in Sources */,
				284BBF7D27DE90E10087A0E7 /* SceneDelegate.swift in Sources */,
				284BBF8527DE90E20087A0E7 /* AnonymousChatApp.xcdatamodeld in Sources */,
			);
			runOnlyForDeploymentPostprocessing = 0;
		};
/* End PBXSourcesBuildPhase section */

/* Begin PBXVariantGroup section */
		284BBF8027DE90E20087A0E7 /* Main.storyboard */ = {
			isa = PBXVariantGroup;
			children = (
				284BBF8127DE90E20087A0E7 /* Base */,
			);
			name = Main.storyboard;
			sourceTree = "<group>";
		};
		284BBF8827DE90E30087A0E7 /* LaunchScreen.storyboard */ = {
			isa = PBXVariantGroup;
			children = (
				284BBF8927DE90E30087A0E7 /* Base */,
			);
			name = LaunchScreen.storyboard;
			sourceTree = "<group>";
		};
/* End PBXVariantGroup section */

/* Begin XCBuildConfiguration section */
		284BBF8C27DE90E30087A0E7 /* Debug */ = {
			isa = XCBuildConfiguration;
			buildSettings = {
				ALWAYS_SEARCH_USER_PATHS = NO;
				CLANG_ANALYZER_NONNULL = YES;
				CLANG_ANALYZER_NUMBER_OBJECT_CONVERSION = YES_AGGRESSIVE;
				CLANG_CXX_LANGUAGE_STANDARD = "gnu++14";
				CLANG_CXX_LIBRARY = "libc++";
				CLANG_ENABLE_MODULES = YES;
				CLANG_ENABLE_OBJC_ARC = YES;
				CLANG_ENABLE_OBJC_WEAK = YES;
				CLANG_WARN_BLOCK_CAPTURE_AUTORELEASING = YES;
				CLANG_WARN_BOOL_CONVERSION = YES;
				CLANG_WARN_COMMA = YES;
				CLANG_WARN_CONSTANT_CONVERSION = YES;
				CLANG_WARN_DEPRECATED_OBJC_IMPLEMENTATIONS = YES;
				CLANG_WARN_DIRECT_OBJC_ISA_USAGE = YES_ERROR;
				CLANG_WARN_DOCUMENTATION_COMMENTS = YES;
				CLANG_WARN_EMPTY_BODY = YES;
				CLANG_WARN_ENUM_CONVERSION = YES;
				CLANG_WARN_INFINITE_RECURSION = YES;
				CLANG_WARN_INT_CONVERSION = YES;
				CLANG_WARN_NON_LITERAL_NULL_CONVERSION = YES;
				CLANG_WARN_OBJC_IMPLICIT_RETAIN_SELF = YES;
				CLANG_WARN_OBJC_LITERAL_CONVERSION = YES;
				CLANG_WARN_OBJC_ROOT_CLASS = YES_ERROR;
				CLANG_WARN_QUOTED_INCLUDE_IN_FRAMEWORK_HEADER = YES;
				CLANG_WARN_RANGE_LOOP_ANALYSIS = YES;
				CLANG_WARN_STRICT_PROTOTYPES = YES;
				CLANG_WARN_SUSPICIOUS_MOVE = YES;
				CLANG_WARN_UNGUARDED_AVAILABILITY = YES_AGGRESSIVE;
				CLANG_WARN_UNREACHABLE_CODE = YES;
				CLANG_WARN__DUPLICATE_METHOD_MATCH = YES;
				COPY_PHASE_STRIP = NO;
				DEBUG_INFORMATION_FORMAT = dwarf;
				ENABLE_STRICT_OBJC_MSGSEND = YES;
				ENABLE_TESTABILITY = YES;
				GCC_C_LANGUAGE_STANDARD = gnu11;
				GCC_DYNAMIC_NO_PIC = NO;
				GCC_NO_COMMON_BLOCKS = YES;
				GCC_OPTIMIZATION_LEVEL = 0;
				GCC_PREPROCESSOR_DEFINITIONS = (
					"DEBUG=1",
					"$(inherited)",
				);
				GCC_WARN_64_TO_32_BIT_CONVERSION = YES;
				GCC_WARN_ABOUT_RETURN_TYPE = YES_ERROR;
				GCC_WARN_UNDECLARED_SELECTOR = YES;
				GCC_WARN_UNINITIALIZED_AUTOS = YES_AGGRESSIVE;
				GCC_WARN_UNUSED_FUNCTION = YES;
				GCC_WARN_UNUSED_VARIABLE = YES;
				IPHONEOS_DEPLOYMENT_TARGET = 14.4;
				MTL_ENABLE_DEBUG_INFO = INCLUDE_SOURCE;
				MTL_FAST_MATH = YES;
				ONLY_ACTIVE_ARCH = YES;
				SDKROOT = iphoneos;
				SWIFT_ACTIVE_COMPILATION_CONDITIONS = DEBUG;
				SWIFT_OPTIMIZATION_LEVEL = "-Onone";
			};
			name = Debug;
		};
		284BBF8D27DE90E30087A0E7 /* Release */ = {
			isa = XCBuildConfiguration;
			buildSettings = {
				ALWAYS_SEARCH_USER_PATHS = NO;
				CLANG_ANALYZER_NONNULL = YES;
				CLANG_ANALYZER_NUMBER_OBJECT_CONVERSION = YES_AGGRESSIVE;
				CLANG_CXX_LANGUAGE_STANDARD = "gnu++14";
				CLANG_CXX_LIBRARY = "libc++";
				CLANG_ENABLE_MODULES = YES;
				CLANG_ENABLE_OBJC_ARC = YES;
				CLANG_ENABLE_OBJC_WEAK = YES;
				CLANG_WARN_BLOCK_CAPTURE_AUTORELEASING = YES;
				CLANG_WARN_BOOL_CONVERSION = YES;
				CLANG_WARN_COMMA = YES;
				CLANG_WARN_CONSTANT_CONVERSION = YES;
				CLANG_WARN_DEPRECATED_OBJC_IMPLEMENTATIONS = YES;
				CLANG_WARN_DIRECT_OBJC_ISA_USAGE = YES_ERROR;
				CLANG_WARN_DOCUMENTATION_COMMENTS = YES;
				CLANG_WARN_EMPTY_BODY = YES;
				CLANG_WARN_ENUM_CONVERSION = YES;
				CLANG_WARN_INFINITE_RECURSION = YES;
				CLANG_WARN_INT_CONVERSION = YES;
				CLANG_WARN_NON_LITERAL_NULL_CONVERSION = YES;
				CLANG_WARN_OBJC_IMPLICIT_RETAIN_SELF = YES;
				CLANG_WARN_OBJC_LITERAL_CONVERSION = YES;
				CLANG_WARN_OBJC_ROOT_CLASS = YES_ERROR;
				CLANG_WARN_QUOTED_INCLUDE_IN_FRAMEWORK_HEADER = YES;
				CLANG_WARN_RANGE_LOOP_ANALYSIS = YES;
				CLANG_WARN_STRICT_PROTOTYPES = YES;
				CLANG_WARN_SUSPICIOUS_MOVE = YES;
				CLANG_WARN_UNGUARDED_AVAILABILITY = YES_AGGRESSIVE;
				CLANG_WARN_UNREACHABLE_CODE = YES;
				CLANG_WARN__DUPLICATE_METHOD_MATCH = YES;
				COPY_PHASE_STRIP = NO;
				DEBUG_INFORMATION_FORMAT = "dwarf-with-dsym";
				ENABLE_NS_ASSERTIONS = NO;
				ENABLE_STRICT_OBJC_MSGSEND = YES;
				GCC_C_LANGUAGE_STANDARD = gnu11;
				GCC_NO_COMMON_BLOCKS = YES;
				GCC_WARN_64_TO_32_BIT_CONVERSION = YES;
				GCC_WARN_ABOUT_RETURN_TYPE = YES_ERROR;
				GCC_WARN_UNDECLARED_SELECTOR = YES;
				GCC_WARN_UNINITIALIZED_AUTOS = YES_AGGRESSIVE;
				GCC_WARN_UNUSED_FUNCTION = YES;
				GCC_WARN_UNUSED_VARIABLE = YES;
				IPHONEOS_DEPLOYMENT_TARGET = 14.4;
				MTL_ENABLE_DEBUG_INFO = NO;
				MTL_FAST_MATH = YES;
				SDKROOT = iphoneos;
				SWIFT_COMPILATION_MODE = wholemodule;
				SWIFT_OPTIMIZATION_LEVEL = "-O";
				VALIDATE_PRODUCT = YES;
			};
			name = Release;
		};
		284BBF8F27DE90E30087A0E7 /* Debug */ = {
			isa = XCBuildConfiguration;
			buildSettings = {
				ASSETCATALOG_COMPILER_APPICON_NAME = AppIcon;
				ASSETCATALOG_COMPILER_GLOBAL_ACCENT_COLOR_NAME = AccentColor;
				CODE_SIGN_STYLE = Automatic;
				INFOPLIST_FILE = AnonymousChatApp/Info.plist;
				LD_RUNPATH_SEARCH_PATHS = (
					"$(inherited)",
					"@executable_path/Frameworks",
				);
				PRODUCT_BUNDLE_IDENTIFIER = com.eslam.AnonymousChatApp;
				PRODUCT_NAME = "$(TARGET_NAME)";
				SWIFT_VERSION = 5.0;
				TARGETED_DEVICE_FAMILY = "1,2";
			};
			name = Debug;
		};
		284BBF9027DE90E30087A0E7 /* Release */ = {
			isa = XCBuildConfiguration;
			buildSettings = {
				ASSETCATALOG_COMPILER_APPICON_NAME = AppIcon;
				ASSETCATALOG_COMPILER_GLOBAL_ACCENT_COLOR_NAME = AccentColor;
				CODE_SIGN_STYLE = Automatic;
				INFOPLIST_FILE = AnonymousChatApp/Info.plist;
				LD_RUNPATH_SEARCH_PATHS = (
					"$(inherited)",
					"@executable_path/Frameworks",
				);
				PRODUCT_BUNDLE_IDENTIFIER = com.eslam.AnonymousChatApp;
				PRODUCT_NAME = "$(TARGET_NAME)";
				SWIFT_VERSION = 5.0;
				TARGETED_DEVICE_FAMILY = "1,2";
			};
			name = Release;
		};
/* End XCBuildConfiguration section */

/* Begin XCConfigurationList section */
		284BBF7227DE90E10087A0E7 /* Build configuration list for PBXProject "AnonymousChatApp" */ = {
			isa = XCConfigurationList;
			buildConfigurations = (
				284BBF8C27DE90E30087A0E7 /* Debug */,
				284BBF8D27DE90E30087A0E7 /* Release */,
			);
			defaultConfigurationIsVisible = 0;
			defaultConfigurationName = Release;
		};
		284BBF8E27DE90E30087A0E7 /* Build configuration list for PBXNativeTarget "AnonymousChatApp" */ = {
			isa = XCConfigurationList;
			buildConfigurations = (
				284BBF8F27DE90E30087A0E7 /* Debug */,
				284BBF9027DE90E30087A0E7 /* Release */,
			);
			defaultConfigurationIsVisible = 0;
			defaultConfigurationName = Release;
		};
/* End XCConfigurationList section */

/* Begin XCVersionGroup section */
		284BBF8327DE90E20087A0E7 /* AnonymousChatApp.xcdatamodeld */ = {
			isa = XCVersionGroup;
			children = (
				284BBF8427DE90E20087A0E7 /* AnonymousChatApp.xcdatamodel */,
			);
			currentVersion = 284BBF8427DE90E20087A0E7 /* AnonymousChatApp.xcdatamodel */;
			path = AnonymousChatApp.xcdatamodeld;
			sourceTree = "<group>";
			versionGroupType = wrapper.xcdatamodel;
		};
/* End XCVersionGroup section */
	};
	rootObject = 284BBF6F27DE90E10087A0E7 /* Project object */;
}
